
Microsoft Visual Studio Solution File, Format Version 12.00
# Visual Studio Version 17
VisualStudioVersion = 17.8.34330.188
MinimumVisualStudioVersion = 10.0.40219.1
Project("{FAE04EC0-301F-11D3-BF4B-00C04F79EFBC}") = "OneTask", "OneTask\OneTask.csproj", "{A3680DFE-AC13-4713-8D2A-4C2971DD724D}"
EndProject
Global
	GlobalSection(SolutionConfigurationPlatforms) = preSolution
		Debug|Any CPU = Debug|Any CPU
		Release|Any CPU = Release|Any CPU
	EndGlobalSection
	GlobalSection(ProjectConfigurationPlatforms) = postSolution
		{A3680DFE-AC13-4713-8D2A-4C2971DD724D}.Debug|Any CPU.ActiveCfg = Debug|Any CPU
		{A3680DFE-AC13-4713-8D2A-4C2971DD724D}.Debug|Any CPU.Build.0 = Debug|Any CPU
		{A3680DFE-AC13-4713-8D2A-4C2971DD724D}.Release|Any CPU.ActiveCfg = Release|Any CPU
		{A3680DFE-AC13-4713-8D2A-4C2971DD724D}.Release|Any CPU.Build.0 = Release|Any CPU
	EndGlobalSection
	GlobalSection(SolutionProperties) = preSolution
		HideSolutionNode = FALSE
	EndGlobalSection
	GlobalSection(ExtensibilityGlobals) = postSolution
		SolutionGuid = {874127B5-4C5B-4C07-B2E8-AB2FAB5CDBED}
	EndGlobalSection
EndGlobal
